
Microsoft Visual Studio Solution File, Format Version 12.00
# Visual Studio Version 17
VisualStudioVersion = 17.5.002.0
MinimumVisualStudioVersion = 10.0.40219.1
Project("{9A19103F-16F7-4668-BE54-9A1E7A4F7556}") = "Final_hw", "Final_hw.csproj", "{3543D2B2-EFF2-4918-ABAB-3C2DF17E686C}"
EndProject
Global
	GlobalSection(SolutionConfigurationPlatforms) = preSolution
		Debug|Any CPU = Debug|Any CPU
		Release|Any CPU = Release|Any CPU
	EndGlobalSection
	GlobalSection(ProjectConfigurationPlatforms) = postSolution
		{3543D2B2-EFF2-4918-ABAB-3C2DF17E686C}.Debug|Any CPU.ActiveCfg = Debug|Any CPU
		{3543D2B2-EFF2-4918-ABAB-3C2DF17E686C}.Debug|Any CPU.Build.0 = Debug|Any CPU
		{3543D2B2-EFF2-4918-ABAB-3C2DF17E686C}.Release|Any CPU.ActiveCfg = Release|Any CPU
		{3543D2B2-EFF2-4918-ABAB-3C2DF17E686C}.Release|Any CPU.Build.0 = Release|Any CPU
	EndGlobalSection
	GlobalSection(SolutionProperties) = preSolution
		HideSolutionNode = FALSE
	EndGlobalSection
	GlobalSection(ExtensibilityGlobals) = postSolution
		SolutionGuid = {019D74D9-B847-4FC4-9FF2-0C5D972B82E5}
	EndGlobalSection
EndGlobal
